
Microsoft Visual Studio Solution File, Format Version 12.00
# Visual Studio Version 16
VisualStudioVersion = 16.0.30011.22
MinimumVisualStudioVersion = 10.0.40219.1
Project("{FAE04EC0-301F-11D3-BF4B-00C04F79EFBC}") = "Nept4CS", "Nept4CS\Nept4CS.csproj", "{0613D180-F297-4B4E-97DE-070A360880C7}"
EndProject
Global
	GlobalSection(SolutionConfigurationPlatforms) = preSolution
		Debug|Any CPU = Debug|Any CPU
		Release|Any CPU = Release|Any CPU
	EndGlobalSection
	GlobalSection(ProjectConfigurationPlatforms) = postSolution
		{0613D180-F297-4B4E-97DE-070A360880C7}.Debug|Any CPU.ActiveCfg = Debug|Any CPU
		{0613D180-F297-4B4E-97DE-070A360880C7}.Debug|Any CPU.Build.0 = Debug|Any CPU
		{0613D180-F297-4B4E-97DE-070A360880C7}.Release|Any CPU.ActiveCfg = Release|Any CPU
		{0613D180-F297-4B4E-97DE-070A360880C7}.Release|Any CPU.Build.0 = Release|Any CPU
	EndGlobalSection
	GlobalSection(SolutionProperties) = preSolution
		HideSolutionNode = FALSE
	EndGlobalSection
	GlobalSection(ExtensibilityGlobals) = postSolution
		SolutionGuid = {D0B75624-C660-4F8A-9AD5-27AE69F91B46}
	EndGlobalSection
EndGlobal
